
Microsoft Visual Studio Solution File, Format Version 12.00
# Visual Studio 15
VisualStudioVersion = 15.0.27130.2024
MinimumVisualStudioVersion = 10.0.40219.1
Project("{FAE04EC0-301F-11D3-BF4B-00C04F79EFBC}") = "AngularTourOfHeroes", "AngularTourOfHeroes\AngularTourOfHeroes.csproj", "{BAD30CBD-E4B3-43D5-8339-E209F4308AAD}"
EndProject
Global
	GlobalSection(SolutionConfigurationPlatforms) = preSolution
		Debug|Any CPU = Debug|Any CPU
		Release|Any CPU = Release|Any CPU
	EndGlobalSection
	GlobalSection(ProjectConfigurationPlatforms) = postSolution
		{BAD30CBD-E4B3-43D5-8339-E209F4308AAD}.Debug|Any CPU.ActiveCfg = Debug|Any CPU
		{BAD30CBD-E4B3-43D5-8339-E209F4308AAD}.Debug|Any CPU.Build.0 = Debug|Any CPU
		{BAD30CBD-E4B3-43D5-8339-E209F4308AAD}.Release|Any CPU.ActiveCfg = Release|Any CPU
		{BAD30CBD-E4B3-43D5-8339-E209F4308AAD}.Release|Any CPU.Build.0 = Release|Any CPU
	EndGlobalSection
	GlobalSection(SolutionProperties) = preSolution
		HideSolutionNode = FALSE
	EndGlobalSection
	GlobalSection(ExtensibilityGlobals) = postSolution
		SolutionGuid = {56E6D6A6-5EB6-4720-990A-B227A296564B}
	EndGlobalSection
EndGlobal
